
Microsoft Visual Studio Solution File, Format Version 12.00
# Visual Studio 2013
VisualStudioVersion = 12.0.21005.1
MinimumVisualStudioVersion = 10.0.40219.1
Project("{FAE04EC0-301F-11D3-BF4B-00C04F79EFBC}") = "MoneyManagerForms", "LevelMoneyUI\GUI\MoneyManager\MoneyManagerForms\MoneyManagerForms.csproj", "{AF5A64CB-1605-4176-BB34-0F895C97A494}"
EndProject
Project("{FAE04EC0-301F-11D3-BF4B-00C04F79EFBC}") = "TeamElderberryProject", "TeamElderberryProject\TeamElderberryProject.csproj", "{C3777D60-13A9-4478-B417-31155E29345B}"
EndProject
Global
	GlobalSection(SolutionConfigurationPlatforms) = preSolution
		Debug|Any CPU = Debug|Any CPU
		Release|Any CPU = Release|Any CPU
	EndGlobalSection
	GlobalSection(ProjectConfigurationPlatforms) = postSolution
		{AF5A64CB-1605-4176-BB34-0F895C97A494}.Debug|Any CPU.ActiveCfg = Debug|Any CPU
		{AF5A64CB-1605-4176-BB34-0F895C97A494}.Debug|Any CPU.Build.0 = Debug|Any CPU
		{AF5A64CB-1605-4176-BB34-0F895C97A494}.Release|Any CPU.ActiveCfg = Release|Any CPU
		{AF5A64CB-1605-4176-BB34-0F895C97A494}.Release|Any CPU.Build.0 = Release|Any CPU
		{C3777D60-13A9-4478-B417-31155E29345B}.Debug|Any CPU.ActiveCfg = Debug|Any CPU
		{C3777D60-13A9-4478-B417-31155E29345B}.Debug|Any CPU.Build.0 = Debug|Any CPU
		{C3777D60-13A9-4478-B417-31155E29345B}.Release|Any CPU.ActiveCfg = Release|Any CPU
		{C3777D60-13A9-4478-B417-31155E29345B}.Release|Any CPU.Build.0 = Release|Any CPU
	EndGlobalSection
	GlobalSection(SolutionProperties) = preSolution
		HideSolutionNode = FALSE
	EndGlobalSection
EndGlobal
